
Microsoft Visual Studio Solution File, Format Version 12.00
# Visual Studio Version 17
VisualStudioVersion = 17.0.31912.275
MinimumVisualStudioVersion = 10.0.40219.1
Project("{FAE04EC0-301F-11D3-BF4B-00C04F79EFBC}") = "WebApplication1", "WebApplication1\WebApplication1.csproj", "{9132C68A-3C0F-400F-91A6-5F6065C3218A}"
EndProject
Global
	GlobalSection(SolutionConfigurationPlatforms) = preSolution
		Debug|Any CPU = Debug|Any CPU
		Release|Any CPU = Release|Any CPU
	EndGlobalSection
	GlobalSection(ProjectConfigurationPlatforms) = postSolution
		{9132C68A-3C0F-400F-91A6-5F6065C3218A}.Debug|Any CPU.ActiveCfg = Debug|Any CPU
		{9132C68A-3C0F-400F-91A6-5F6065C3218A}.Debug|Any CPU.Build.0 = Debug|Any CPU
		{9132C68A-3C0F-400F-91A6-5F6065C3218A}.Release|Any CPU.ActiveCfg = Release|Any CPU
		{9132C68A-3C0F-400F-91A6-5F6065C3218A}.Release|Any CPU.Build.0 = Release|Any CPU
	EndGlobalSection
	GlobalSection(SolutionProperties) = preSolution
		HideSolutionNode = FALSE
	EndGlobalSection
	GlobalSection(ExtensibilityGlobals) = postSolution
		SolutionGuid = {795EA92C-FAFD-4F4D-A786-31AEC02D7657}
	EndGlobalSection
EndGlobal
